
Microsoft Visual Studio Solution File, Format Version 12.00
# Visual Studio Version 17
VisualStudioVersion = 17.3.32901.215
MinimumVisualStudioVersion = 10.0.40219.1
Project("{FAE04EC0-301F-11D3-BF4B-00C04F79EFBC}") = "LeaveManagementWeb", "LeaveManagementWeb\LeaveManagementWeb.csproj", "{4C672277-1F71-4FFF-9483-278A52D0302C}"
EndProject
Global
	GlobalSection(SolutionConfigurationPlatforms) = preSolution
		Debug|Any CPU = Debug|Any CPU
		Release|Any CPU = Release|Any CPU
	EndGlobalSection
	GlobalSection(ProjectConfigurationPlatforms) = postSolution
		{4C672277-1F71-4FFF-9483-278A52D0302C}.Debug|Any CPU.ActiveCfg = Debug|Any CPU
		{4C672277-1F71-4FFF-9483-278A52D0302C}.Debug|Any CPU.Build.0 = Debug|Any CPU
		{4C672277-1F71-4FFF-9483-278A52D0302C}.Release|Any CPU.ActiveCfg = Release|Any CPU
		{4C672277-1F71-4FFF-9483-278A52D0302C}.Release|Any CPU.Build.0 = Release|Any CPU
	EndGlobalSection
	GlobalSection(SolutionProperties) = preSolution
		HideSolutionNode = FALSE
	EndGlobalSection
	GlobalSection(ExtensibilityGlobals) = postSolution
		SolutionGuid = {A443CBE7-F6BD-4588-B940-8CAE616FF851}
	EndGlobalSection
EndGlobal
